
Microsoft Visual Studio Solution File, Format Version 12.00
# Visual Studio Version 17
VisualStudioVersion = 17.9.34714.143
MinimumVisualStudioVersion = 10.0.40219.1
Project("{8BC9CEB8-8B4A-11D0-8D11-00A0C91BC942}") = "通讯录管理系统", "通讯录管理系统.vcxproj", "{93462FFB-6679-4E8B-8451-D4916DC47D85}"
EndProject
Global
	GlobalSection(SolutionConfigurationPlatforms) = preSolution
		Debug|x64 = Debug|x64
		Debug|x86 = Debug|x86
		Release|x64 = Release|x64
		Release|x86 = Release|x86
	EndGlobalSection
	GlobalSection(ProjectConfigurationPlatforms) = postSolution
		{93462FFB-6679-4E8B-8451-D4916DC47D85}.Debug|x64.ActiveCfg = Debug|x64
		{93462FFB-6679-4E8B-8451-D4916DC47D85}.Debug|x64.Build.0 = Debug|x64
		{93462FFB-6679-4E8B-8451-D4916DC47D85}.Debug|x86.ActiveCfg = Debug|Win32
		{93462FFB-6679-4E8B-8451-D4916DC47D85}.Debug|x86.Build.0 = Debug|Win32
		{93462FFB-6679-4E8B-8451-D4916DC47D85}.Release|x64.ActiveCfg = Release|x64
		{93462FFB-6679-4E8B-8451-D4916DC47D85}.Release|x64.Build.0 = Release|x64
		{93462FFB-6679-4E8B-8451-D4916DC47D85}.Release|x86.ActiveCfg = Release|Win32
		{93462FFB-6679-4E8B-8451-D4916DC47D85}.Release|x86.Build.0 = Release|Win32
	EndGlobalSection
	GlobalSection(SolutionProperties) = preSolution
		HideSolutionNode = FALSE
	EndGlobalSection
	GlobalSection(ExtensibilityGlobals) = postSolution
		SolutionGuid = {A5C01E1A-EA41-46AA-AE77-7A8A4CAE07D2}
	EndGlobalSection
EndGlobal
